<?xml version="1.0" encoding="utf-8"?>
<Project ToolsVersion="4.0" xmlns="http://schemas.microsoft.com/developer/msbuild/2003">
  <ItemGroup>
    <ClCompile Include="j1App.cpp">
      <Filter>Desenvolupament  ========</Filter>
    </ClCompile>
    <ClCompile Include="j1Main.cpp">
      <Filter>Desenvolupament  ========</Filter>
    </ClCompile>
    <ClCompile Include="p2Log.cpp">
      <Filter>Programacio 2 ===========</Filter>
    </ClCompile>
    <ClCompile Include="PugiXml\src\pugixml.cpp">
      <Filter>Desenvolupament  ========\Tools\PuguiXML</Filter>
    </ClCompile>
    <ClCompile Include="j1Timer.cpp">
      <Filter>Desenvolupament  ========\Tools</Filter>
    </ClCompile>
    <ClCompile Include="j1PerfTimer.cpp">
      <Filter>Desenvolupament  ========\Tools</Filter>
    </ClCompile>
    <ClCompile Include="UI_element.cpp">
      <Filter>Desenvolupament  ========\Modules\UI</Filter>
    </ClCompile>
    <ClCompile Include="UI_Image.cpp">
      <Filter>Desenvolupament  ========\Modules\UI</Filter>
    </ClCompile>
    <ClCompile Include="UI_String.cpp">
      <Filter>Desenvolupament  ========\Modules\UI</Filter>
    </ClCompile>
    <ClCompile Include="UI_Button.cpp">
      <Filter>Desenvolupament  ========\Modules\UI</Filter>
    </ClCompile>
    <ClCompile Include="UI_Text_Box.cpp">
      <Filter>Desenvolupament  ========\Modules\UI</Filter>
    </ClCompile>
    <ClCompile Include="UI_scroll.cpp">
      <Filter>Desenvolupament  ========\Modules\UI</Filter>
    </ClCompile>
    <ClCompile Include="j1Audio.cpp">
      <Filter>Desenvolupament  ========\Modules\CPP</Filter>
    </ClCompile>
    <ClCompile Include="j1Console.cpp">
      <Filter>Desenvolupament  ========\Modules\CPP</Filter>
    </ClCompile>
    <ClCompile Include="j1FileSystem.cpp">
      <Filter>Desenvolupament  ========\Modules\CPP</Filter>
    </ClCompile>
    <ClCompile Include="j1Fonts.cpp">
      <Filter>Desenvolupament  ========\Modules\CPP</Filter>
    </ClCompile>
    <ClCompile Include="j1Input.cpp">
      <Filter>Desenvolupament  ========\Modules\CPP</Filter>
    </ClCompile>
    <ClCompile Include="j1Map.cpp">
      <Filter>Desenvolupament  ========\Modules\CPP</Filter>
    </ClCompile>
    <ClCompile Include="j1Pathfinding.cpp">
      <Filter>Desenvolupament  ========\Modules\CPP</Filter>
    </ClCompile>
    <ClCompile Include="j1Render.cpp">
      <Filter>Desenvolupament  ========\Modules\CPP</Filter>
    </ClCompile>
    <ClCompile Include="j1Textures.cpp">
      <Filter>Desenvolupament  ========\Modules\CPP</Filter>
    </ClCompile>
    <ClCompile Include="j1Window.cpp">
      <Filter>Desenvolupament  ========\Modules\CPP</Filter>
    </ClCompile>
    <ClCompile Include="j1ParticleManager.cpp">
      <Filter>Desenvolupament  ========\Modules\CPP</Filter>
    </ClCompile>
    <ClCompile Include="j1SceneManager.cpp">
      <Filter>Desenvolupament  ========\Modules\CPP</Filter>
    </ClCompile>
    <ClCompile Include="j1CollisionManager.cpp">
      <Filter>Desenvolupament  ========\Modules\CPP</Filter>
    </ClCompile>
    <ClCompile Include="j1GameLayer.cpp">
      <Filter>Desenvolupament  ========\Game Layer</Filter>
    </ClCompile>
    <ClCompile Include="j1EntityManager.cpp">
      <Filter>Desenvolupament  ========\Game Layer</Filter>
    </ClCompile>
    <ClCompile Include="InputManager.cpp">
      <Filter>Desenvolupament  ========\Modules\CPP</Filter>
    </ClCompile>
    <ClCompile Include="j1Gui.cpp">
      <Filter>Desenvolupament  ========\Modules\CPP</Filter>
    </ClCompile>
    <ClCompile Include="TestScene.cpp">
      <Filter>Desenvolupament  ========\Scenes\Test Scene</Filter>
    </ClCompile>
    <ClCompile Include="Player.cpp">
      <Filter>Desenvolupament  ========\Game Layer\Entities</Filter>
    </ClCompile>
    <ClCompile Include="GreenSoldier.cpp">
      <Filter>Desenvolupament  ========\Game Layer\Entities\Enemies</Filter>
    </ClCompile>
    <ClCompile Include="Scene.cpp">
      <Filter>Desenvolupament  ========\Scenes</Filter>
    </ClCompile>
    <ClCompile Include="Enemy.cpp">
      <Filter>Desenvolupament  ========\Game Layer\Entities\Enemies</Filter>
    </ClCompile>
    <ClCompile Include="HUD.cpp">
      <Filter>Desenvolupament  ========\Game Layer</Filter>
    </ClCompile>
    <ClCompile Include="DialogManager.cpp">
      <Filter>Desenvolupament  ========\Game Layer\Dialogs</Filter>
    </ClCompile>
    <ClCompile Include="NPC.cpp">
      <Filter>Desenvolupament  ========\Game Layer\Entities</Filter>
    </ClCompile>
    <ClCompile Include="Entity.cpp">
      <Filter>Desenvolupament  ========\Game Layer\Entities</Filter>
    </ClCompile>
    <ClCompile Include="Quadtree.cpp">
      <Filter>Desenvolupament  ========\Modules\CPP</Filter>
    </ClCompile>
    <ClCompile Include="Bezier.cpp">
      <Filter>Desenvolupament  ========\Tools</Filter>
    </ClCompile>
    <ClCompile Include="UI_Heart.cpp">
      <Filter>Desenvolupament  ========\Modules\UI</Filter>
    </ClCompile>
  </ItemGroup>
  <ItemGroup>
    <ClInclude Include="j1App.h">
      <Filter>Desenvolupament  ========</Filter>
    </ClInclude>
    <ClInclude Include="j1Module.h">
      <Filter>Desenvolupament  ========</Filter>
    </ClInclude>
    <ClInclude Include="p2Defs.h">
      <Filter>Programacio 2 ===========</Filter>
    </ClInclude>
    <ClInclude Include="p2Log.h">
      <Filter>Programacio 2 ===========</Filter>
    </ClInclude>
    <ClInclude Include="p2Point.h">
      <Filter>Programacio 2 ===========</Filter>
    </ClInclude>
    <ClInclude Include="PugiXml\src\pugiconfig.hpp">
      <Filter>Desenvolupament  ========\Tools\PuguiXML</Filter>
    </ClInclude>
    <ClInclude Include="PugiXml\src\pugixml.hpp">
      <Filter>Desenvolupament  ========\Tools\PuguiXML</Filter>
    </ClInclude>
    <ClInclude Include="j1Timer.h">
      <Filter>Desenvolupament  ========\Tools</Filter>
    </ClInclude>
    <ClInclude Include="j1PerfTimer.h">
      <Filter>Desenvolupament  ========\Tools</Filter>
    </ClInclude>
    <ClInclude Include="UI_element.h">
      <Filter>Desenvolupament  ========\Modules\UI</Filter>
    </ClInclude>
    <ClInclude Include="UI_Image.h">
      <Filter>Desenvolupament  ========\Modules\UI</Filter>
    </ClInclude>
    <ClInclude Include="UI_String.h">
      <Filter>Desenvolupament  ========\Modules\UI</Filter>
    </ClInclude>
    <ClInclude Include="UI_Button.h">
      <Filter>Desenvolupament  ========\Modules\UI</Filter>
    </ClInclude>
    <ClInclude Include="UI_Text_Box.h">
      <Filter>Desenvolupament  ========\Modules\UI</Filter>
    </ClInclude>
    <ClInclude Include="UI_scroll.h">
      <Filter>Desenvolupament  ========\Modules\UI</Filter>
    </ClInclude>
    <ClInclude Include="j1Audio.h">
      <Filter>Desenvolupament  ========\Modules\H</Filter>
    </ClInclude>
    <ClInclude Include="j1Console.h">
      <Filter>Desenvolupament  ========\Modules\H</Filter>
    </ClInclude>
    <ClInclude Include="j1FileSystem.h">
      <Filter>Desenvolupament  ========\Modules\H</Filter>
    </ClInclude>
    <ClInclude Include="j1Fonts.h">
      <Filter>Desenvolupament  ========\Modules\H</Filter>
    </ClInclude>
    <ClInclude Include="j1Input.h">
      <Filter>Desenvolupament  ========\Modules\H</Filter>
    </ClInclude>
    <ClInclude Include="j1Map.h">
      <Filter>Desenvolupament  ========\Modules\H</Filter>
    </ClInclude>
    <ClInclude Include="j1Pathfinding.h">
      <Filter>Desenvolupament  ========\Modules\H</Filter>
    </ClInclude>
    <ClInclude Include="j1Render.h">
      <Filter>Desenvolupament  ========\Modules\H</Filter>
    </ClInclude>
    <ClInclude Include="j1Textures.h">
      <Filter>Desenvolupament  ========\Modules\H</Filter>
    </ClInclude>
    <ClInclude Include="j1Window.h">
      <Filter>Desenvolupament  ========\Modules\H</Filter>
    </ClInclude>
    <ClInclude Include="CVar_Com.h">
      <Filter>Desenvolupament  ========\Modules\H</Filter>
    </ClInclude>
    <ClInclude Include="j1CollisionManager.h">
      <Filter>Desenvolupament  ========\Modules\H</Filter>
    </ClInclude>
    <ClInclude Include="j1SceneManager.h">
      <Filter>Desenvolupament  ========\Modules\H</Filter>
    </ClInclude>
    <ClInclude Include="j1ParticleManager.h">
      <Filter>Desenvolupament  ========\Modules\H</Filter>
    </ClInclude>
    <ClInclude Include="j1GameLayer.h">
      <Filter>Desenvolupament  ========\Game Layer</Filter>
    </ClInclude>
    <ClInclude Include="j1EntityManager.h">
      <Filter>Desenvolupament  ========\Game Layer</Filter>
    </ClInclude>
    <ClInclude Include="InputManager.h">
      <Filter>Desenvolupament  ========\Modules\H</Filter>
    </ClInclude>
    <ClInclude Include="j1Gui.h">
      <Filter>Desenvolupament  ========\Modules\H</Filter>
    </ClInclude>
    <ClInclude Include="Scene.h">
      <Filter>Desenvolupament  ========\Scenes</Filter>
    </ClInclude>
    <ClInclude Include="Animation.h">
      <Filter>Desenvolupament  ========</Filter>
    </ClInclude>
    <ClInclude Include="TestScene.h">
      <Filter>Desenvolupament  ========\Scenes\Test Scene</Filter>
    </ClInclude>
    <ClInclude Include="Player.h">
      <Filter>Desenvolupament  ========\Game Layer\Entities</Filter>
    </ClInclude>
    <ClInclude Include="Enemy.h">
      <Filter>Desenvolupament  ========\Game Layer\Entities\Enemies</Filter>
    </ClInclude>
    <ClInclude Include="GreenSoldier.h">
      <Filter>Desenvolupament  ========\Game Layer\Entities\Enemies</Filter>
    </ClInclude>
    <ClInclude Include="HUD.h">
      <Filter>Desenvolupament  ========\Game Layer</Filter>
    </ClInclude>
    <ClInclude Include="DialogManager.h">
      <Filter>Desenvolupament  ========\Game Layer\Dialogs</Filter>
    </ClInclude>
    <ClInclude Include="NPC.h">
      <Filter>Desenvolupament  ========\Game Layer\Entities</Filter>
    </ClInclude>
    <ClInclude Include="Entity.h">
      <Filter>Desenvolupament  ========\Game Layer\Entities</Filter>
    </ClInclude>
    <ClInclude Include="Quadtree.h">
      <Filter>Desenvolupament  ========\Modules\H</Filter>
    </ClInclude>
    <ClInclude Include="Bezier.h">
      <Filter>Desenvolupament  ========\Tools</Filter>
    </ClInclude>
    <ClInclude Include="UI_Heart.h">
      <Filter>Desenvolupament  ========\Modules\UI</Filter>
    </ClInclude>
  </ItemGroup>
  <ItemGroup>
    <Filter Include="Programacio 2 ===========">
      <UniqueIdentifier>{a8bfab6a-5472-4969-943e-861a8b493f08}</UniqueIdentifier>
    </Filter>
    <Filter Include="Desenvolupament  ========">
      <UniqueIdentifier>{cb944693-b9d0-484c-bad2-02d5a7cdbec6}</UniqueIdentifier>
    </Filter>
    <Filter Include="Desenvolupament  ========\Tools">
      <UniqueIdentifier>{42c748be-4a37-49de-970f-5be811d06b38}</UniqueIdentifier>
    </Filter>
    <Filter Include="Desenvolupament  ========\Scenes">
      <UniqueIdentifier>{e07660eb-d36f-4cc9-af59-324d31c2f2f6}</UniqueIdentifier>
    </Filter>
    <Filter Include="Desenvolupament  ========\Modules">
      <UniqueIdentifier>{244722d1-90ce-423d-8e7a-556211865a32}</UniqueIdentifier>
    </Filter>
    <Filter Include="Desenvolupament  ========\Tools\PuguiXML">
      <UniqueIdentifier>{7cb78d67-17cc-45eb-af97-e2106becce7b}</UniqueIdentifier>
    </Filter>
    <Filter Include="Desenvolupament  ========\Modules\UI">
      <UniqueIdentifier>{d72bbfe1-816e-4db8-a7a3-eb87455ca19d}</UniqueIdentifier>
    </Filter>
    <Filter Include="Desenvolupament  ========\Modules\CPP">
      <UniqueIdentifier>{c4daa3bb-b73a-4d26-ba6b-9e19fa9838b4}</UniqueIdentifier>
    </Filter>
    <Filter Include="Desenvolupament  ========\Modules\H">
      <UniqueIdentifier>{edc5f696-c5f8-4b62-a2d9-712d716eec77}</UniqueIdentifier>
    </Filter>
    <Filter Include="Desenvolupament  ========\Game Layer">
      <UniqueIdentifier>{4cfcb117-ff6b-49b1-a669-c8b27d81cf35}</UniqueIdentifier>
    </Filter>
    <Filter Include="Desenvolupament  ========\Game Layer\Entities">
      <UniqueIdentifier>{c7cde884-cbfc-45ea-b310-1703a2d3f239}</UniqueIdentifier>
    </Filter>
    <Filter Include="Desenvolupament  ========\Scenes\Test Scene">
      <UniqueIdentifier>{3c43655f-968c-42cf-ad0f-263ec91b3201}</UniqueIdentifier>
    </Filter>
    <Filter Include="Desenvolupament  ========\Game Layer\Entities\Enemies">
      <UniqueIdentifier>{71db718c-24e0-4519-a5cf-5a4ef27745e2}</UniqueIdentifier>
    </Filter>
    <Filter Include="Desenvolupament  ========\Game Layer\Dialogs">
      <UniqueIdentifier>{c525055e-8e4b-410b-ae98-b0a6c51d84b9}</UniqueIdentifier>
    </Filter>
  </ItemGroup>
  <ItemGroup>
    <None Include="Game\maps\map_testing.tmx">
      <Filter>Desenvolupament  ========\Tools</Filter>
    </None>
  </ItemGroup>
</Project>